
Microsoft Visual Studio Solution File, Format Version 12.00
# Visual Studio Version 16
VisualStudioVersion = 16.0.30114.105
MinimumVisualStudioVersion = 10.0.40219.1
Project("{2150E333-8FDC-42A3-9474-1A3956D46DE8}") = "blazor", "blazor", "{539E83AE-5CD0-45A7-8449-387CF92B6FF3}"
EndProject
Project("{2150E333-8FDC-42A3-9474-1A3956D46DE8}") = "app", "app", "{69B91F5B-66B9-46D6-97FC-77F6702AC425}"
EndProject
Project("{2150E333-8FDC-42A3-9474-1A3956D46DE8}") = "Web", "Web", "{5C72B4C3-3444-4701-8D34-56006B53FC81}"
EndProject
Project("{FAE04EC0-301F-11D3-BF4B-00C04F79EFBC}") = "Web.Client", "blazor\app\Web\Client\Web.Client.csproj", "{06E94745-A83E-41FF-B12C-9F66B41ED0DE}"
EndProject
Project("{FAE04EC0-301F-11D3-BF4B-00C04F79EFBC}") = "Web.Server", "blazor\app\Web\Server\Web.Server.csproj", "{43E7E979-A2B3-4F29-BA7D-D7565206EFFF}"
EndProject
Project("{FAE04EC0-301F-11D3-BF4B-00C04F79EFBC}") = "Web.Shared", "blazor\app\Web\Shared\Web.Shared.csproj", "{4E600B66-D526-49EA-9DE7-E0D6ED7AB6B6}"
EndProject
Project("{2150E333-8FDC-42A3-9474-1A3956D46DE8}") = "service01", "service01", "{B143CE9A-AAE9-4AED-A637-54271EE69E73}"
EndProject
Project("{2150E333-8FDC-42A3-9474-1A3956D46DE8}") = "app", "app", "{E03F6954-7064-4FB3-82C1-9A29D7FFD048}"
EndProject
Project("{FAE04EC0-301F-11D3-BF4B-00C04F79EFBC}") = "Service01", "service01\app\Service01\Service01.csproj", "{58FCFD3E-4C03-4ADD-B41E-A3161DFEFC3A}"
EndProject
Project("{2150E333-8FDC-42A3-9474-1A3956D46DE8}") = "service02", "service02", "{5FB7552D-0E9B-402E-98F1-9153AE10D823}"
EndProject
Project("{2150E333-8FDC-42A3-9474-1A3956D46DE8}") = "app", "app", "{4EEFBA3C-F9BB-4851-BD90-021145CC220A}"
EndProject
Project("{FAE04EC0-301F-11D3-BF4B-00C04F79EFBC}") = "Service02", "service02\app\Service02\Service02.csproj", "{D971EF03-F808-44CD-9E74-C85CD585A9BF}"
EndProject
Global
	GlobalSection(SolutionConfigurationPlatforms) = preSolution
		Debug|Any CPU = Debug|Any CPU
		Release|Any CPU = Release|Any CPU
	EndGlobalSection
	GlobalSection(SolutionProperties) = preSolution
		HideSolutionNode = FALSE
	EndGlobalSection
	GlobalSection(ProjectConfigurationPlatforms) = postSolution
		{06E94745-A83E-41FF-B12C-9F66B41ED0DE}.Debug|Any CPU.ActiveCfg = Debug|Any CPU
		{06E94745-A83E-41FF-B12C-9F66B41ED0DE}.Debug|Any CPU.Build.0 = Debug|Any CPU
		{06E94745-A83E-41FF-B12C-9F66B41ED0DE}.Release|Any CPU.ActiveCfg = Release|Any CPU
		{06E94745-A83E-41FF-B12C-9F66B41ED0DE}.Release|Any CPU.Build.0 = Release|Any CPU
		{43E7E979-A2B3-4F29-BA7D-D7565206EFFF}.Debug|Any CPU.ActiveCfg = Debug|Any CPU
		{43E7E979-A2B3-4F29-BA7D-D7565206EFFF}.Debug|Any CPU.Build.0 = Debug|Any CPU
		{43E7E979-A2B3-4F29-BA7D-D7565206EFFF}.Release|Any CPU.ActiveCfg = Release|Any CPU
		{43E7E979-A2B3-4F29-BA7D-D7565206EFFF}.Release|Any CPU.Build.0 = Release|Any CPU
		{4E600B66-D526-49EA-9DE7-E0D6ED7AB6B6}.Debug|Any CPU.ActiveCfg = Debug|Any CPU
		{4E600B66-D526-49EA-9DE7-E0D6ED7AB6B6}.Debug|Any CPU.Build.0 = Debug|Any CPU
		{4E600B66-D526-49EA-9DE7-E0D6ED7AB6B6}.Release|Any CPU.ActiveCfg = Release|Any CPU
		{4E600B66-D526-49EA-9DE7-E0D6ED7AB6B6}.Release|Any CPU.Build.0 = Release|Any CPU
		{58FCFD3E-4C03-4ADD-B41E-A3161DFEFC3A}.Debug|Any CPU.ActiveCfg = Debug|Any CPU
		{58FCFD3E-4C03-4ADD-B41E-A3161DFEFC3A}.Debug|Any CPU.Build.0 = Debug|Any CPU
		{58FCFD3E-4C03-4ADD-B41E-A3161DFEFC3A}.Release|Any CPU.ActiveCfg = Release|Any CPU
		{58FCFD3E-4C03-4ADD-B41E-A3161DFEFC3A}.Release|Any CPU.Build.0 = Release|Any CPU
		{D971EF03-F808-44CD-9E74-C85CD585A9BF}.Debug|Any CPU.ActiveCfg = Debug|Any CPU
		{D971EF03-F808-44CD-9E74-C85CD585A9BF}.Debug|Any CPU.Build.0 = Debug|Any CPU
		{D971EF03-F808-44CD-9E74-C85CD585A9BF}.Release|Any CPU.ActiveCfg = Release|Any CPU
		{D971EF03-F808-44CD-9E74-C85CD585A9BF}.Release|Any CPU.Build.0 = Release|Any CPU
	EndGlobalSection
	GlobalSection(NestedProjects) = preSolution
		{69B91F5B-66B9-46D6-97FC-77F6702AC425} = {539E83AE-5CD0-45A7-8449-387CF92B6FF3}
		{5C72B4C3-3444-4701-8D34-56006B53FC81} = {69B91F5B-66B9-46D6-97FC-77F6702AC425}
		{06E94745-A83E-41FF-B12C-9F66B41ED0DE} = {5C72B4C3-3444-4701-8D34-56006B53FC81}
		{43E7E979-A2B3-4F29-BA7D-D7565206EFFF} = {5C72B4C3-3444-4701-8D34-56006B53FC81}
		{4E600B66-D526-49EA-9DE7-E0D6ED7AB6B6} = {5C72B4C3-3444-4701-8D34-56006B53FC81}
		{E03F6954-7064-4FB3-82C1-9A29D7FFD048} = {B143CE9A-AAE9-4AED-A637-54271EE69E73}
		{58FCFD3E-4C03-4ADD-B41E-A3161DFEFC3A} = {E03F6954-7064-4FB3-82C1-9A29D7FFD048}
		{4EEFBA3C-F9BB-4851-BD90-021145CC220A} = {5FB7552D-0E9B-402E-98F1-9153AE10D823}
		{D971EF03-F808-44CD-9E74-C85CD585A9BF} = {4EEFBA3C-F9BB-4851-BD90-021145CC220A}
	EndGlobalSection
EndGlobal
